
Microsoft Visual Studio Solution File, Format Version 12.00
# Visual Studio Version 17
VisualStudioVersion = 17.8.34525.116
MinimumVisualStudioVersion = 10.0.40219.1
Project("{FAE04EC0-301F-11D3-BF4B-00C04F79EFBC}") = "ejercicio2t3", "ejercicio2t3\ejercicio2t3.csproj", "{441A9F8D-736A-4989-838B-435654546468}"
EndProject
Global
	GlobalSection(SolutionConfigurationPlatforms) = preSolution
		Debug|Any CPU = Debug|Any CPU
		Release|Any CPU = Release|Any CPU
	EndGlobalSection
	GlobalSection(ProjectConfigurationPlatforms) = postSolution
		{441A9F8D-736A-4989-838B-435654546468}.Debug|Any CPU.ActiveCfg = Debug|Any CPU
		{441A9F8D-736A-4989-838B-435654546468}.Debug|Any CPU.Build.0 = Debug|Any CPU
		{441A9F8D-736A-4989-838B-435654546468}.Release|Any CPU.ActiveCfg = Release|Any CPU
		{441A9F8D-736A-4989-838B-435654546468}.Release|Any CPU.Build.0 = Release|Any CPU
	EndGlobalSection
	GlobalSection(SolutionProperties) = preSolution
		HideSolutionNode = FALSE
	EndGlobalSection
	GlobalSection(ExtensibilityGlobals) = postSolution
		SolutionGuid = {434F11F2-E8FA-4CCD-B51D-A8743CD82403}
	EndGlobalSection
EndGlobal
